
Microsoft Visual Studio Solution File, Format Version 12.00
# Visual Studio Version 16
VisualStudioVersion = 16.0.29728.190
MinimumVisualStudioVersion = 10.0.40219.1
Project("{9A19103F-16F7-4668-BE54-9A1E7A4F7556}") = "BackEnd", "BackEnd\BackEnd.csproj", "{D941D004-D25F-4CE3-B286-E7FD47037F0E}"
EndProject
Project("{9A19103F-16F7-4668-BE54-9A1E7A4F7556}") = "Data", "Data\Data.csproj", "{F521C737-ECEB-4963-B5B9-079EA73C893F}"
EndProject
Project("{FAE04EC0-301F-11D3-BF4B-00C04F79EFBC}") = "Test", "Test\Test.csproj", "{FFC8067B-C764-40BD-A525-39F86E3F914B}"
EndProject
Global
	GlobalSection(SolutionConfigurationPlatforms) = preSolution
		Debug|Any CPU = Debug|Any CPU
		Release|Any CPU = Release|Any CPU
	EndGlobalSection
	GlobalSection(ProjectConfigurationPlatforms) = postSolution
		{D941D004-D25F-4CE3-B286-E7FD47037F0E}.Debug|Any CPU.ActiveCfg = Debug|Any CPU
		{D941D004-D25F-4CE3-B286-E7FD47037F0E}.Debug|Any CPU.Build.0 = Debug|Any CPU
		{D941D004-D25F-4CE3-B286-E7FD47037F0E}.Release|Any CPU.ActiveCfg = Release|Any CPU
		{D941D004-D25F-4CE3-B286-E7FD47037F0E}.Release|Any CPU.Build.0 = Release|Any CPU
		{F521C737-ECEB-4963-B5B9-079EA73C893F}.Debug|Any CPU.ActiveCfg = Debug|Any CPU
		{F521C737-ECEB-4963-B5B9-079EA73C893F}.Debug|Any CPU.Build.0 = Debug|Any CPU
		{F521C737-ECEB-4963-B5B9-079EA73C893F}.Release|Any CPU.ActiveCfg = Release|Any CPU
		{F521C737-ECEB-4963-B5B9-079EA73C893F}.Release|Any CPU.Build.0 = Release|Any CPU
		{FFC8067B-C764-40BD-A525-39F86E3F914B}.Debug|Any CPU.ActiveCfg = Debug|Any CPU
		{FFC8067B-C764-40BD-A525-39F86E3F914B}.Debug|Any CPU.Build.0 = Debug|Any CPU
		{FFC8067B-C764-40BD-A525-39F86E3F914B}.Release|Any CPU.ActiveCfg = Release|Any CPU
		{FFC8067B-C764-40BD-A525-39F86E3F914B}.Release|Any CPU.Build.0 = Release|Any CPU
	EndGlobalSection
	GlobalSection(SolutionProperties) = preSolution
		HideSolutionNode = FALSE
	EndGlobalSection
	GlobalSection(ExtensibilityGlobals) = postSolution
		SolutionGuid = {0F96D4FF-7A24-45AE-B25D-4BD187533C5E}
	EndGlobalSection
EndGlobal
